
Microsoft Visual Studio Solution File, Format Version 12.00
# Visual Studio Version 16
VisualStudioVersion = 16.0.28803.352
MinimumVisualStudioVersion = 10.0.40219.1
Project("{FAE04EC0-301F-11D3-BF4B-00C04F79EFBC}") = "WebClientForHouseholdBudgeter", "WebClientForHouseholdBudgeter\WebClientForHouseholdBudgeter.csproj", "{618C6642-0100-459E-BDA7-9631B20996EA}"
EndProject
Global
	GlobalSection(SolutionConfigurationPlatforms) = preSolution
		Debug|Any CPU = Debug|Any CPU
		Release|Any CPU = Release|Any CPU
	EndGlobalSection
	GlobalSection(ProjectConfigurationPlatforms) = postSolution
		{618C6642-0100-459E-BDA7-9631B20996EA}.Debug|Any CPU.ActiveCfg = Debug|Any CPU
		{618C6642-0100-459E-BDA7-9631B20996EA}.Debug|Any CPU.Build.0 = Debug|Any CPU
		{618C6642-0100-459E-BDA7-9631B20996EA}.Release|Any CPU.ActiveCfg = Release|Any CPU
		{618C6642-0100-459E-BDA7-9631B20996EA}.Release|Any CPU.Build.0 = Release|Any CPU
	EndGlobalSection
	GlobalSection(SolutionProperties) = preSolution
		HideSolutionNode = FALSE
	EndGlobalSection
	GlobalSection(ExtensibilityGlobals) = postSolution
		SolutionGuid = {A1AC1A02-F5CB-4728-AC10-09163304A815}
	EndGlobalSection
EndGlobal
